
Microsoft Visual Studio Solution File, Format Version 12.00
# Visual Studio Version 17
VisualStudioVersion = 17.14.36511.14
MinimumVisualStudioVersion = 10.0.40219.1
Project("{FAE04EC0-301F-11D3-BF4B-00C04F79EFBC}") = "TaskManagerApplication", "TaskManagerApplication\TaskManagerApplication.csproj", "{569241A7-B193-4824-B2FA-5B7CFAD78667}"
EndProject
Project("{FAE04EC0-301F-11D3-BF4B-00C04F79EFBC}") = "AccountWorking", "AccountWorking\AccountWorking.csproj", "{CD449E58-D97D-4DD2-99D1-F38A8DC58401}"
EndProject
Global
	GlobalSection(SolutionConfigurationPlatforms) = preSolution
		Debug|Any CPU = Debug|Any CPU
		Release|Any CPU = Release|Any CPU
	EndGlobalSection
	GlobalSection(ProjectConfigurationPlatforms) = postSolution
		{569241A7-B193-4824-B2FA-5B7CFAD78667}.Debug|Any CPU.ActiveCfg = Debug|Any CPU
		{569241A7-B193-4824-B2FA-5B7CFAD78667}.Debug|Any CPU.Build.0 = Debug|Any CPU
		{569241A7-B193-4824-B2FA-5B7CFAD78667}.Release|Any CPU.ActiveCfg = Release|Any CPU
		{569241A7-B193-4824-B2FA-5B7CFAD78667}.Release|Any CPU.Build.0 = Release|Any CPU
		{CD449E58-D97D-4DD2-99D1-F38A8DC58401}.Debug|Any CPU.ActiveCfg = Debug|Any CPU
		{CD449E58-D97D-4DD2-99D1-F38A8DC58401}.Debug|Any CPU.Build.0 = Debug|Any CPU
		{CD449E58-D97D-4DD2-99D1-F38A8DC58401}.Release|Any CPU.ActiveCfg = Release|Any CPU
		{CD449E58-D97D-4DD2-99D1-F38A8DC58401}.Release|Any CPU.Build.0 = Release|Any CPU
	EndGlobalSection
	GlobalSection(SolutionProperties) = preSolution
		HideSolutionNode = FALSE
	EndGlobalSection
	GlobalSection(ExtensibilityGlobals) = postSolution
		SolutionGuid = {6E70A9CF-C563-4E40-AF1F-56B5EDA4EDEE}
	EndGlobalSection
EndGlobal
